lockfileVersion: '9.0'

settings:
  autoInstallPeers: true
  excludeLinksFromLockfile: false

importers:

  .:
    devDependencies:
      '@types/node':
        specifier: ^22.10.2
        version: 22.20.1
      turbo:
        specifier: ^2.3.3
        version: 2.10.12
      typescript:
        specifier: ^5.7.2
        version: 5.9.3

packages:

  '@turbo/darwin-64@2.10.12':
    resolution: {integrity: sha512-9nKgKoF6ZOUsM+or0OtNf+TTJSfGvDNP7ZFv/ZGWVwOSCkumyctQiTeHwB4UNljHTnC41AqylgbunLDHoccNrA==}
    cpu: [x64]
    os: [darwin]

  '@turbo/darwin-arm64@2.10.12':
    resolution: {integrity: sha512-H4Elb1jqTZVeIC9bbcNwjSzemZ6RegoTOVHeuV5Osirt2Z8UguTyisMEkvZjPVZgMeN9J4ERZBFad40tFnkb7w==}
    cpu: [arm64]
    os: [darwin]

  '@turbo/linux-64@2.10.12':
    resolution: {integrity: sha512-lr7KIotukvjZwEXiFSYAeOH3BWzjFVBbSzTbv0fuGFsNukYyH0+g1hB5ecqnJkgkYU+KHEMG1edOhnjiKON1wQ==}
    cpu: [x64]
    os: [android, linux]

  '@turbo/linux-arm64@2.10.12':
    resolution: {integrity: sha512-f0pZDTtvzB5SuNwuXBaKbZHUCMCukgc8nMlHEuvLmj91Fzec+MEbr3cAvGNor5htEDqZnO6Lxt9N/GPI/77oGA==}
    cpu: [arm64]
    os: [android, linux]

  '@turbo/windows-64@2.10.12':
    resolution: {integrity: sha512-SDOueJRjS/QcykWf2KCRtTLmIl5YMKsLbXkXQGhDwcTXvKXZiS5ih5lBl/gkwZIpYFjqA/rAlfMzlAFcVHNe0g==}
    cpu: [x64]
    os: [win32]

  '@turbo/windows-arm64@2.10.12':
    resolution: {integrity: sha512-0i0mVUa4kKk+/B3RwEwPMf9CB+T7ul56hn5FFHNA4VUNTOoLBEd6aNf3FaKfCatDNZ6cicCEf6if9QUTVyzzcA==}
    cpu: [arm64]
    os: [win32]

  '@types/node@22.20.1':
    resolution: {integrity: sha512-EANqOCF9QFyra+4pfxUcX9STKJpCLjMbObVzljIJomAWSnuSIEAvyzEU53GaajbXJEgdh0iEcPL+DGvpUd4k1Q==}

  turbo@2.10.12:
    resolution: {integrity: sha512-AswgMPnpOoaVZHrrSBejETzEbuIA69OVGwfkHwfrY0A23VjWXBANzgq9+OymWOHAIArB7D1+1z498WY8fGg1Jw==}
    hasBin: true

  typescript@5.9.3:
    resolution: {integrity: sha512-jl1vZzPDinLr9eUt3J/t7V6FgNEw9QjvBPdysz9KfQDD41fQrC2Y4vKQdiaUpFT4bXlb1RHhLpp8wtm6M5TgSw==}
    engines: {node: '>=14.17'}
    hasBin: true

  undici-types@6.21.0:
    resolution: {integrity: sha512-iwDZqg0QAGrg9Rav5H4n0M64c3mkR59cJ6wQp+7C4nI0gsmExaedaYLNO44eT4AtBBwjbTiGPMlt2Md0T9H9JQ==}

snapshots:

  '@turbo/darwin-64@2.10.12':
    optional: true

  '@turbo/darwin-arm64@2.10.12':
    optional: true

  '@turbo/linux-64@2.10.12':
    optional: true

  '@turbo/linux-arm64@2.10.12':
    optional: true

  '@turbo/windows-64@2.10.12':
    optional: true

  '@turbo/windows-arm64@2.10.12':
    optional: true

  '@types/node@22.20.1':
    dependencies:
      undici-types: 6.21.0

  turbo@2.10.12:
    optionalDependencies:
      '@turbo/darwin-64': 2.10.12
      '@turbo/darwin-arm64': 2.10.12
      '@turbo/linux-64': 2.10.12
      '@turbo/linux-arm64': 2.10.12
      '@turbo/windows-64': 2.10.12
      '@turbo/windows-arm64': 2.10.12

  typescript@5.9.3: {}

  undici-types@6.21.0: {}
